{
  "name": "@blackprint/blackprint",
  "version": "1.0.0",
  "lockfileVersion": 2,
  "requires": true,
  "packages": {
    "": {
      "name": "@blackprint/blackprint",
      "version": "1.0.0",
      "license": "MIT",
      "devDependencies": {
        "@vitest/coverage-c8": "^0.24.5",
        "happy-dom": "^6.0.4"
      }
    },
    "../node_modules/.pnpm/@vitest+coverage-c8@0.24.5_happy-dom@6.0.4/node_modules/@vitest/coverage-c8": {
      "version": "0.24.5",
      "dev": true,
      "license": "MIT",
      "dependencies": {
        "c8": "^7.12.0",
        "vitest": "0.24.5"
      },
      "devDependencies": {
        "vite-node": "0.24.5"
      },
      "funding": {
        "url": "https://github.com/sponsors/antfu"
      }
    },
    "../node_modules/.pnpm/happy-dom@6.0.4/node_modules/happy-dom": {
      "version": "6.0.4",
      "dev": true,
      "license": "MIT",
      "dependencies": {
        "css.escape": "^1.5.1",
        "he": "^1.2.0",
        "node-fetch": "^2.x.x",
        "sync-request": "^6.1.0",
        "webidl-conversions": "^7.0.0",
        "whatwg-encoding": "^2.0.0",
        "whatwg-mimetype": "^3.0.0"
      },
      "devDependencies": {
        "@types/he": "^1.1.2",
        "@types/jest": "^27.4.1",
        "@types/node": "^15.6.0",
        "@types/node-fetch": "^2.6.1",
        "@typescript-eslint/eslint-plugin": "^5.16.0",
        "@typescript-eslint/parser": "^5.16.0",
        "eslint": "^8.11.0",
        "eslint-config-prettier": "^8.5.0",
        "eslint-plugin-filenames": "^1.3.2",
        "eslint-plugin-import": "^2.25.4",
        "eslint-plugin-jest": "^26.1.2",
        "eslint-plugin-jsdoc": "^38.0.6",
        "eslint-plugin-json": "^3.1.0",
        "eslint-plugin-prettier": "^4.0.0",
        "jest": "^27.5.1",
        "prettier": "^2.6.0",
        "ts-jest": "^27.1.3",
        "typescript": "^4.6.2"
      }
    },
    "node_modules/@vitest/coverage-c8": {
      "resolved": "../node_modules/.pnpm/@vitest+coverage-c8@0.24.5_happy-dom@6.0.4/node_modules/@vitest/coverage-c8",
      "link": true
    },
    "node_modules/happy-dom": {
      "resolved": "../node_modules/.pnpm/happy-dom@6.0.4/node_modules/happy-dom",
      "link": true
    }
  },
  "dependencies": {
    "@vitest/coverage-c8": {
      "version": "file:../node_modules/.pnpm/@vitest+coverage-c8@0.24.5_happy-dom@6.0.4/node_modules/@vitest/coverage-c8",
      "requires": {
        "c8": "^7.12.0",
        "vite-node": "0.24.5",
        "vitest": "0.24.5"
      }
    },
    "happy-dom": {
      "version": "file:../node_modules/.pnpm/happy-dom@6.0.4/node_modules/happy-dom",
      "requires": {
        "@types/he": "^1.1.2",
        "@types/jest": "^27.4.1",
        "@types/node": "^15.6.0",
        "@types/node-fetch": "^2.6.1",
        "@typescript-eslint/eslint-plugin": "^5.16.0",
        "@typescript-eslint/parser": "^5.16.0",
        "css.escape": "^1.5.1",
        "eslint": "^8.11.0",
        "eslint-config-prettier": "^8.5.0",
        "eslint-plugin-filenames": "^1.3.2",
        "eslint-plugin-import": "^2.25.4",
        "eslint-plugin-jest": "^26.1.2",
        "eslint-plugin-jsdoc": "^38.0.6",
        "eslint-plugin-json": "^3.1.0",
        "eslint-plugin-prettier": "^4.0.0",
        "he": "^1.2.0",
        "jest": "^27.5.1",
        "node-fetch": "^2.x.x",
        "prettier": "^2.6.0",
        "sync-request": "^6.1.0",
        "ts-jest": "^27.1.3",
        "typescript": "^4.6.2",
        "webidl-conversions": "^7.0.0",
        "whatwg-encoding": "^2.0.0",
        "whatwg-mimetype": "^3.0.0"
      }
    }
  }
}
